
Microsoft Visual Studio Solution File, Format Version 12.00
# Visual Studio 15
VisualStudioVersion = 15.0.27428.2015
MinimumVisualStudioVersion = 10.0.40219.1
Project("{2150E333-8FDC-42A3-9474-1A3956D46DE8}") = "src", "src", "{41C69630-80FF-4B95-8089-4258AF745817}"
EndProject
Project("{9A19103F-16F7-4668-BE54-9A1E7A4F7556}") = "Core", "src\Core\Core.csproj", "{67169284-C790-4C13-91DC-D7A724E343C3}"
EndProject
Project("{9A19103F-16F7-4668-BE54-9A1E7A4F7556}") = "Dto", "src\Dto\Dto.csproj", "{785AA2B2-B003-4479-BBC9-EE37A44948FF}"
EndProject
Project("{9A19103F-16F7-4668-BE54-9A1E7A4F7556}") = "BusinessLogic", "src\BusinessLogic\BusinessLogic.csproj", "{B51B3743-587D-4411-9B33-D38E88158F77}"
EndProject
Project("{9A19103F-16F7-4668-BE54-9A1E7A4F7556}") = "SQLDataAccess", "src\SQLDataAccess\SQLDataAccess.csproj", "{F9A3E65F-C3D2-4637-AEE9-390C0D2B70CB}"
EndProject
Project("{9A19103F-16F7-4668-BE54-9A1E7A4F7556}") = "Api", "src\Api\Api.csproj", "{B8104E9B-7F01-4D35-8BBE-8AF5FEEC5D6D}"
EndProject
Project("{9A19103F-16F7-4668-BE54-9A1E7A4F7556}") = "MongoDataAccess", "src\MongoDataAccess\MongoDataAccess.csproj", "{BC9DDF3E-ECE8-4399-A42E-B180869A6B91}"
EndProject
Project("{2150E333-8FDC-42A3-9474-1A3956D46DE8}") = "test", "test", "{02EBDA1F-3CE4-4812-9D23-52CDA522C90D}"
EndProject
Project("{FAE04EC0-301F-11D3-BF4B-00C04F79EFBC}") = "ApiTest", "test\ApiTest\ApiTest.csproj", "{767CB73F-2D96-40CB-8DB9-B754B574FEFE}"
EndProject
Global
	GlobalSection(SolutionConfigurationPlatforms) = preSolution
		Debug|Any CPU = Debug|Any CPU
		Release|Any CPU = Release|Any CPU
	EndGlobalSection
	GlobalSection(ProjectConfigurationPlatforms) = postSolution
		{67169284-C790-4C13-91DC-D7A724E343C3}.Debug|Any CPU.ActiveCfg = Debug|Any CPU
		{67169284-C790-4C13-91DC-D7A724E343C3}.Debug|Any CPU.Build.0 = Debug|Any CPU
		{67169284-C790-4C13-91DC-D7A724E343C3}.Release|Any CPU.ActiveCfg = Release|Any CPU
		{67169284-C790-4C13-91DC-D7A724E343C3}.Release|Any CPU.Build.0 = Release|Any CPU
		{785AA2B2-B003-4479-BBC9-EE37A44948FF}.Debug|Any CPU.ActiveCfg = Debug|Any CPU
		{785AA2B2-B003-4479-BBC9-EE37A44948FF}.Debug|Any CPU.Build.0 = Debug|Any CPU
		{785AA2B2-B003-4479-BBC9-EE37A44948FF}.Release|Any CPU.ActiveCfg = Release|Any CPU
		{785AA2B2-B003-4479-BBC9-EE37A44948FF}.Release|Any CPU.Build.0 = Release|Any CPU
		{B51B3743-587D-4411-9B33-D38E88158F77}.Debug|Any CPU.ActiveCfg = Debug|Any CPU
		{B51B3743-587D-4411-9B33-D38E88158F77}.Debug|Any CPU.Build.0 = Debug|Any CPU
		{B51B3743-587D-4411-9B33-D38E88158F77}.Release|Any CPU.ActiveCfg = Release|Any CPU
		{B51B3743-587D-4411-9B33-D38E88158F77}.Release|Any CPU.Build.0 = Release|Any CPU
		{F9A3E65F-C3D2-4637-AEE9-390C0D2B70CB}.Debug|Any CPU.ActiveCfg = Debug|Any CPU
		{F9A3E65F-C3D2-4637-AEE9-390C0D2B70CB}.Debug|Any CPU.Build.0 = Debug|Any CPU
		{F9A3E65F-C3D2-4637-AEE9-390C0D2B70CB}.Release|Any CPU.ActiveCfg = Release|Any CPU
		{F9A3E65F-C3D2-4637-AEE9-390C0D2B70CB}.Release|Any CPU.Build.0 = Release|Any CPU
		{B8104E9B-7F01-4D35-8BBE-8AF5FEEC5D6D}.Debug|Any CPU.ActiveCfg = Debug|Any CPU
		{B8104E9B-7F01-4D35-8BBE-8AF5FEEC5D6D}.Debug|Any CPU.Build.0 = Debug|Any CPU
		{B8104E9B-7F01-4D35-8BBE-8AF5FEEC5D6D}.Release|Any CPU.ActiveCfg = Release|Any CPU
		{B8104E9B-7F01-4D35-8BBE-8AF5FEEC5D6D}.Release|Any CPU.Build.0 = Release|Any CPU
		{BC9DDF3E-ECE8-4399-A42E-B180869A6B91}.Debug|Any CPU.ActiveCfg = Debug|Any CPU
		{BC9DDF3E-ECE8-4399-A42E-B180869A6B91}.Debug|Any CPU.Build.0 = Debug|Any CPU
		{BC9DDF3E-ECE8-4399-A42E-B180869A6B91}.Release|Any CPU.ActiveCfg = Release|Any CPU
		{BC9DDF3E-ECE8-4399-A42E-B180869A6B91}.Release|Any CPU.Build.0 = Release|Any CPU
		{767CB73F-2D96-40CB-8DB9-B754B574FEFE}.Debug|Any CPU.ActiveCfg = Debug|Any CPU
		{767CB73F-2D96-40CB-8DB9-B754B574FEFE}.Debug|Any CPU.Build.0 = Debug|Any CPU
		{767CB73F-2D96-40CB-8DB9-B754B574FEFE}.Release|Any CPU.ActiveCfg = Release|Any CPU
		{767CB73F-2D96-40CB-8DB9-B754B574FEFE}.Release|Any CPU.Build.0 = Release|Any CPU
	EndGlobalSection
	GlobalSection(SolutionProperties) = preSolution
		HideSolutionNode = FALSE
	EndGlobalSection
	GlobalSection(NestedProjects) = preSolution
		{67169284-C790-4C13-91DC-D7A724E343C3} = {41C69630-80FF-4B95-8089-4258AF745817}
		{785AA2B2-B003-4479-BBC9-EE37A44948FF} = {41C69630-80FF-4B95-8089-4258AF745817}
		{B51B3743-587D-4411-9B33-D38E88158F77} = {41C69630-80FF-4B95-8089-4258AF745817}
		{F9A3E65F-C3D2-4637-AEE9-390C0D2B70CB} = {41C69630-80FF-4B95-8089-4258AF745817}
		{B8104E9B-7F01-4D35-8BBE-8AF5FEEC5D6D} = {41C69630-80FF-4B95-8089-4258AF745817}
		{BC9DDF3E-ECE8-4399-A42E-B180869A6B91} = {41C69630-80FF-4B95-8089-4258AF745817}
		{767CB73F-2D96-40CB-8DB9-B754B574FEFE} = {02EBDA1F-3CE4-4812-9D23-52CDA522C90D}
	EndGlobalSection
	GlobalSection(ExtensibilityGlobals) = postSolution
		SolutionGuid = {C493AA65-04AC-4647-A443-E51C48A37610}
	EndGlobalSection
EndGlobal
